
Microsoft Visual Studio Solution File, Format Version 12.00
# Visual Studio Version 16
VisualStudioVersion = 16.0.810.14
MinimumVisualStudioVersion = 10.0.40219.1
Project("{FAE04EC0-301F-11D3-BF4B-00C04F79EFBC}") = "green-garden-water-api", "green-garden-water-api.csproj", "{A0A8670A-2F36-4A86-A1E3-6EBB35182263}"
EndProject
Project("{E53339B2-1760-4266-BCC7-CA923CBCF16C}") = "docker-compose", "docker-compose.dcproj", "{F11DAA4C-929F-4FDC-B47A-BEA2F7FE7E43}"
EndProject
Global
	GlobalSection(SolutionConfigurationPlatforms) = preSolution
		Debug|Any CPU = Debug|Any CPU
		Release|Any CPU = Release|Any CPU
	EndGlobalSection
	GlobalSection(ProjectConfigurationPlatforms) = postSolution
		{A0A8670A-2F36-4A86-A1E3-6EBB35182263}.Debug|Any CPU.ActiveCfg = Debug|Any CPU
		{A0A8670A-2F36-4A86-A1E3-6EBB35182263}.Debug|Any CPU.Build.0 = Debug|Any CPU
		{A0A8670A-2F36-4A86-A1E3-6EBB35182263}.Release|Any CPU.ActiveCfg = Release|Any CPU
		{A0A8670A-2F36-4A86-A1E3-6EBB35182263}.Release|Any CPU.Build.0 = Release|Any CPU
		{F11DAA4C-929F-4FDC-B47A-BEA2F7FE7E43}.Debug|Any CPU.ActiveCfg = Debug|Any CPU
		{F11DAA4C-929F-4FDC-B47A-BEA2F7FE7E43}.Debug|Any CPU.Build.0 = Debug|Any CPU
		{F11DAA4C-929F-4FDC-B47A-BEA2F7FE7E43}.Release|Any CPU.ActiveCfg = Release|Any CPU
		{F11DAA4C-929F-4FDC-B47A-BEA2F7FE7E43}.Release|Any CPU.Build.0 = Release|Any CPU
	EndGlobalSection
	GlobalSection(SolutionProperties) = preSolution
		HideSolutionNode = FALSE
	EndGlobalSection
	GlobalSection(ExtensibilityGlobals) = postSolution
		SolutionGuid = {F8224F2D-6437-4EDB-A60D-3A94C8605913}
	EndGlobalSection
EndGlobal
